{
  "nodes": {
    "home-manager": {
      "inputs": {
        "nixpkgs": [
          "nixpkgs"
        ]
      },
      "locked": {
        "lastModified": 1746243165,
        "narHash": "sha256-DQycVmlyLQNLjLJ/FzpokVmbxGQ8HjQQ4zN4nyq2vII=",
        "owner": "nix-community",
        "repo": "home-manager",
        "rev": "c0962eeeabfb8127713f859ec8a5f0e86dead0f2",
        "type": "github"
      },
      "original": {
        "owner": "nix-community",
        "repo": "home-manager",
        "type": "github"
      }
    },
    "my-dotfiles": {
      "inputs": {
        "nixpkgs": [
          "nixpkgs"
        ]
      },
      "locked": {
        "lastModified": 1746230276,
        "narHash": "sha256-V7YOClOp8y5NYbV4nibqKzTZN2jSIa8wmG7NJtolcAw=",
        "owner": "mkuritsu",
        "repo": "dotfiles",
        "rev": "0099c315a033619d9fc4685e665b94064ee32ae3",
        "type": "github"
      },
      "original": {
        "owner": "mkuritsu",
        "repo": "dotfiles",
        "type": "github"
      }
    },
    "nixpkgs": {
      "locked": {
        "lastModified": 1746141548,
        "narHash": "sha256-IgBWhX7A2oJmZFIrpRuMnw5RAufVnfvOgHWgIdds+hc=",
        "owner": "nixos",
        "repo": "nixpkgs",
        "rev": "f02fddb8acef29a8b32f10a335d44828d7825b78",
        "type": "github"
      },
      "original": {
        "owner": "nixos",
        "ref": "nixos-unstable",
        "repo": "nixpkgs",
        "type": "github"
      }
    },
    "root": {
      "inputs": {
        "home-manager": "home-manager",
        "my-dotfiles": "my-dotfiles",
        "nixpkgs": "nixpkgs"
      }
    }
  },
  "root": "root",
  "version": 7
}
